{
    "_readme": [
        "This file locks the dependencies of your project to a known state",
        "Read more about it at https://getcomposer.org/doc/01-basic-usage.md#installing-dependencies",
        "This file is @generated automatically"
    ],
    "content-hash": "c072145bb5f5de68adbd723cde83b9a3",
    "packages": [
        {
            "name": "codealfa/regextokenizer",
            "version": "dev-master",
            "source": {
                "type": "git",
                "url": "https://github.com/codealfa/regextokenizer.git",
                "reference": "3d32140a99546e8af330181d2b480b68882fbf96"
            },
            "dist": {
                "type": "zip",
                "url": "https://api.github.com/repos/codealfa/regextokenizer/zipball/3d32140a99546e8af330181d2b480b68882fbf96",
                "reference": "3d32140a99546e8af330181d2b480b68882fbf96",
                "shasum": ""
            },
            "require": {
                "php": ">=7.0"
            },
            "default-branch": true,
            "type": "library",
            "autoload": {
                "psr-4": {
                    "CodeAlfa\\RegexTokenizer\\": "src/"
                }
            },
            "license": [
                "GPL-3.0-or-later"
            ],
            "authors": [
                {
                    "name": "Samuel Marshall",
                    "email": "sdmarshall73@gmail.com"
                }
            ],
            "description": "description",
            "support": {
                "source": "https://github.com/codealfa/regextokenizer/tree/master",
                "issues": "https://github.com/codealfa/regextokenizer/issues"
            },
            "time": "2021-06-03T20:38:20+00:00"
        }
    ],
    "packages-dev": [],
    "aliases": [],
    "minimum-stability": "stable",
    "stability-flags": {
        "codealfa/regextokenizer": 20
    },
    "prefer-stable": false,
    "prefer-lowest": false,
    "platform": {
        "php": ">=7.0"
    },
    "platform-dev": [],
    "plugin-api-version": "2.0.0"
}
