{
    "_readme": [
        "This file locks the dependencies of your project to a known state",
        "Read more about it at https://getcomposer.org/doc/01-basic-usage.md#installing-dependencies",
        "This file is @generated automatically"
    ],
    "content-hash": "c072145bb5f5de68adbd723cde83b9a3",
    "packages": [
        {
            "name": "codealfa/regextokenizer",
            "version": "dev-master",
            "source": {
                "type": "git",
                "url": "https://github.com/codealfa/regextokenizer.git",
                "reference": "217bdc57e22aaab7bbb59be148db4e124a0c830f"
            },
            "dist": {
                "type": "zip",
                "url": "https://api.github.com/repos/codealfa/regextokenizer/zipball/217bdc57e22aaab7bbb59be148db4e124a0c830f",
                "reference": "217bdc57e22aaab7bbb59be148db4e124a0c830f",
                "shasum": ""
            },
            "require": {
                "php": ">=7.0",
                "psr/log": "~1.0.0"
            },
            "default-branch": true,
            "type": "library",
            "autoload": {
                "psr-4": {
                    "CodeAlfa\\RegexTokenizer\\": "src/"
                }
            },
            "license": [
                "GPL-3.0-or-later"
            ],
            "authors": [
                {
                    "name": "Samuel Marshall",
                    "email": "sdmarshall73@gmail.com"
                }
            ],
            "description": "description",
            "support": {
                "source": "https://github.com/codealfa/regextokenizer/tree/master",
                "issues": "https://github.com/codealfa/regextokenizer/issues"
            },
            "time": "2022-12-07T19:28:31+00:00"
        },
        {
            "name": "psr/log",
            "version": "1.0.2",
            "source": {
                "type": "git",
                "url": "https://github.com/php-fig/log.git",
                "reference": "4ebe3a8bf773a19edfe0a84b6585ba3d401b724d"
            },
            "dist": {
                "type": "zip",
                "url": "https://api.github.com/repos/php-fig/log/zipball/4ebe3a8bf773a19edfe0a84b6585ba3d401b724d",
                "reference": "4ebe3a8bf773a19edfe0a84b6585ba3d401b724d",
                "shasum": ""
            },
            "require": {
                "php": ">=5.3.0"
            },
            "type": "library",
            "extra": {
                "branch-alias": {
                    "dev-master": "1.0.x-dev"
                }
            },
            "autoload": {
                "psr-4": {
                    "Psr\\Log\\": "Psr/Log/"
                }
            },
            "notification-url": "https://packagist.org/downloads/",
            "license": [
                "MIT"
            ],
            "authors": [
                {
                    "name": "PHP-FIG",
                    "homepage": "http://www.php-fig.org/"
                }
            ],
            "description": "Common interface for logging libraries",
            "homepage": "https://github.com/php-fig/log",
            "keywords": [
                "log",
                "psr",
                "psr-3"
            ],
            "support": {
                "source": "https://github.com/php-fig/log/tree/master"
            },
            "time": "2016-10-10T12:19:37+00:00"
        }
    ],
    "packages-dev": [],
    "aliases": [],
    "minimum-stability": "stable",
    "stability-flags": {
        "codealfa/regextokenizer": 20
    },
    "prefer-stable": false,
    "prefer-lowest": false,
    "platform": {
        "php": ">=7.0"
    },
    "platform-dev": [],
    "plugin-api-version": "2.1.0"
}
