{
    "_readme": [
        "This file locks the dependencies of your project to a known state",
        "Read more about it at https://getcomposer.org/doc/01-basic-usage.md#installing-dependencies",
        "This file is @generated automatically"
    ],
    "content-hash": "1bc30bfca97d970109ad7f479d6326aa",
    "packages": [
        {
            "name": "codealfa/regextokenizer",
            "version": "dev-development",
            "source": {
                "type": "git",
                "url": "https://github.com/codealfa/regextokenizer.git",
                "reference": "19a5c9f8c8dabcecea43cf06e4fea63adcf7e476"
            },
            "dist": {
                "type": "zip",
                "url": "https://api.github.com/repos/codealfa/regextokenizer/zipball/19a5c9f8c8dabcecea43cf06e4fea63adcf7e476",
                "reference": "19a5c9f8c8dabcecea43cf06e4fea63adcf7e476",
                "shasum": ""
            },
            "require": {
                "php": ">=7.0",
                "psr/log": "^1"
            },
            "require-dev": {
                "phpunit/phpunit": "^9.6"
            },
            "type": "library",
            "autoload": {
                "psr-4": {
                    "CodeAlfa\\RegexTokenizer\\": "src/"
                }
            },
            "autoload-dev": {
                "psr-4": {
                    "CodeAlfa\\RegexTokenizer\\Tests\\": "tests"
                }
            },
            "license": [
                "GPL-3.0-or-later"
            ],
            "authors": [
                {
                    "name": "Samuel Marshall",
                    "email": "sdmarshall73@gmail.com"
                }
            ],
            "description": "A collection of regex tokens for use with Regex Parsing.",
            "support": {
                "source": "https://github.com/codealfa/regextokenizer/tree/development",
                "issues": "https://github.com/codealfa/regextokenizer/issues"
            },
            "time": "2025-11-19T14:41:19+00:00"
        },
        {
            "name": "psr/log",
            "version": "1.1.4",
            "source": {
                "type": "git",
                "url": "https://github.com/php-fig/log.git",
                "reference": "d49695b909c3b7628b6289db5479a1c204601f11"
            },
            "dist": {
                "type": "zip",
                "url": "https://api.github.com/repos/php-fig/log/zipball/d49695b909c3b7628b6289db5479a1c204601f11",
                "reference": "d49695b909c3b7628b6289db5479a1c204601f11",
                "shasum": ""
            },
            "require": {
                "php": ">=5.3.0"
            },
            "type": "library",
            "extra": {
                "branch-alias": {
                    "dev-master": "1.1.x-dev"
                }
            },
            "autoload": {
                "psr-4": {
                    "Psr\\Log\\": "Psr/Log/"
                }
            },
            "notification-url": "https://packagist.org/downloads/",
            "license": [
                "MIT"
            ],
            "authors": [
                {
                    "name": "PHP-FIG",
                    "homepage": "https://www.php-fig.org/"
                }
            ],
            "description": "Common interface for logging libraries",
            "homepage": "https://github.com/php-fig/log",
            "keywords": [
                "log",
                "psr",
                "psr-3"
            ],
            "support": {
                "source": "https://github.com/php-fig/log/tree/1.1.4"
            },
            "time": "2021-05-03T11:20:27+00:00"
        }
    ],
    "packages-dev": [],
    "aliases": [],
    "minimum-stability": "stable",
    "stability-flags": {
        "codealfa/regextokenizer": 20
    },
    "prefer-stable": false,
    "prefer-lowest": false,
    "platform": {
        "php": ">=7.0"
    },
    "platform-dev": {},
    "plugin-api-version": "2.6.0"
}
